// !$*UTF8*$!
{
	archiveVersion = 1;
	classes = {
	};
	objectVersion = 50;
	objects = {

/* Begin PBXBuildFile section */
		9A2636152076BE8700D6BFEC /* AppDelegate.swift in Sources */ = {isa = PBXBuildFile; fileRef = 9A2636142076BE8700D6BFEC /* AppDelegate.swift */; };
		9A2636172076BE8700D6BFEC /* ViewController.swift in Sources */ = {isa = PBXBuildFile; fileRef = 9A2636162076BE8700D6BFEC /* ViewController.swift */; };
		9A26361A2076BE8700D6BFEC /* Main.storyboard in Resources */ = {isa = PBXBuildFile; fileRef = 9A2636182076BE8700D6BFEC /* Main.storyboard */; };
		9A26361D2076BE8700D6BFEC /* Fotoroid.xcdatamodeld in Sources */ = {isa = PBXBuildFile; fileRef = 9A26361B2076BE8700D6BFEC /* Fotoroid.xcdatamodeld */; };
		9A26361F2076BE8800D6BFEC /* Assets.xcassets in Resources */ = {isa = PBXBuildFile; fileRef = 9A26361E2076BE8800D6BFEC /* Assets.xcassets */; };
		9A2636222076BE8800D6BFEC /* LaunchScreen.storyboard in Resources */ = {isa = PBXBuildFile; fileRef = 9A2636202076BE8800D6BFEC /* LaunchScreen.storyboard */; };
/* End PBXBuildFile section */

/* Begin PBXFileReference section */
		9A2636112076BE8700D6BFEC /* Fotoroid.app */ = {isa = PBXFileReference; explicitFileType = wrapper.application; includeInIndex = 0; path = Fotoroid.app; sourceTree = BUILT_PRODUCTS_DIR; };
		9A2636142076BE8700D6BFEC /* AppDelegate.swift */ = {isa = PBXFileReference; lastKnownFileType = sourcecode.swift; path = AppDelegate.swift; sourceTree = "<group>"; };
		9A2636162076BE8700D6BFEC /* ViewController.swift */ = {isa = PBXFileReference; lastKnownFileType = sourcecode.swift; path = ViewController.swift; sourceTree = "<group>"; };
		9A2636192076BE8700D6BFEC /* Base */ = {isa = PBXFileReference; lastKnownFileType = file.storyboard; name = Base; path = Base.lproj/Main.storyboard; sourceTree = "<group>"; };
		9A26361C2076BE8700D6BFEC /* Fotoroid.xcdatamodel */ = {isa = PBXFileReference; lastKnownFileType = wrapper.xcdatamodel; path = Fotoroid.xcdatamodel; sourceTree = "<group>"; };
		9A26361E2076BE8800D6BFEC /* Assets.xcassets */ = {isa = PBXFileReference; lastKnownFileType = folder.assetcatalog; path = Assets.xcassets; sourceTree = "<group>"; };
		9A2636212076BE8800D6BFEC /* Base */ = {isa = PBXFileReference; lastKnownFileType = file.storyboard; name = Base; path = Base.lproj/LaunchScreen.storyboard; sourceTree = "<group>"; };
		9A2636232076BE8800D6BFEC /* Info.plist */ = {isa = PBXFileReference; lastKnownFileType = text.plist.xml; path = Info.plist; sourceTree = "<group>"; };
/* End PBXFileReference section */

/* Begin PBXFrameworksBuildPhase section */
		9A26360E2076BE8700D6BFEC /* Frameworks */ = {
			isa = PBXFrameworksBuildPhase;
			buildActionMask = 2147483647;
			files = (
			);
			runOnlyForDeploymentPostprocessing = 0;
		};
/* End PBXFrameworksBuildPhase section */

/* Begin PBXGroup section */
		9A2636082076BE8700D6BFEC = {
			isa = PBXGroup;
			children = (
				9A2636132076BE8700D6BFEC /* Fotoroid */,
				9A2636122076BE8700D6BFEC /* Products */,
			);
			sourceTree = "<group>";
		};
		9A2636122076BE8700D6BFEC /* Products */ = {
			isa = PBXGroup;
			children = (
				9A2636112076BE8700D6BFEC /* Fotoroid.app */,
			);
			name = Products;
			sourceTree = "<group>";
		};
		9A2636132076BE8700D6BFEC /* Fotoroid */ = {
			isa = PBXGroup;
			children = (
				9A2636142076BE8700D6BFEC /* AppDelegate.swift */,
				9A2636162076BE8700D6BFEC /* ViewController.swift */,
				9A2636182076BE8700D6BFEC /* Main.storyboard */,
				9A26361E2076BE8800D6BFEC /* Assets.xcassets */,
				9A2636202076BE8800D6BFEC /* LaunchScreen.storyboard */,
				9A2636232076BE8800D6BFEC /* Info.plist */,
				9A26361B2076BE8700D6BFEC /* Fotoroid.xcdatamodeld */,
			);
			path = Fotoroid;
			sourceTree = "<group>";
		};
/* End PBXGroup section */

/* Begin PBXNativeTarget section */
		9A2636102076BE8700D6BFEC /* Fotoroid */ = {
			isa = PBXNativeTarget;
			buildConfigurationList = 9A2636262076BE8800D6BFEC /* Build configuration list for PBXNativeTarget "Fotoroid" */;
			buildPhases = (
				9A26360D2076BE8700D6BFEC /* Sources */,
				9A26360E2076BE8700D6BFEC /* Frameworks */,
				9A26360F2076BE8700D6BFEC /* Resources */,
			);
			buildRules = (
			);
			dependencies = (
			);
			name = Fotoroid;
			productName = Fotoroid;
			productReference = 9A2636112076BE8700D6BFEC /* Fotoroid.app */;
			productType = "com.apple.product-type.application";
		};
/* End PBXNativeTarget section */

/* Begin PBXProject section */
		9A2636092076BE8700D6BFEC /* Project object */ = {
			isa = PBXProject;
			attributes = {
				LastSwiftUpdateCheck = 0930;
				LastUpgradeCheck = 0930;
				ORGANIZATIONNAME = "Fulvio Resendes";
				TargetAttributes = {
					9A2636102076BE8700D6BFEC = {
						CreatedOnToolsVersion = 9.3;
					};
				};
			};
			buildConfigurationList = 9A26360C2076BE8700D6BFEC /* Build configuration list for PBXProject "Fotoroid" */;
			compatibilityVersion = "Xcode 9.3";
			developmentRegion = en;
			hasScannedForEncodings = 0;
			knownRegions = (
				en,
				Base,
			);
			mainGroup = 9A2636082076BE8700D6BFEC;
			productRefGroup = 9A2636122076BE8700D6BFEC /* Products */;
			projectDirPath = "";
			projectRoot = "";
			targets = (
				9A2636102076BE8700D6BFEC /* Fotoroid */,
			);
		};
/* End PBXProject section */

/* Begin PBXResourcesBuildPhase section */
		9A26360F2076BE8700D6BFEC /* Resources */ = {
			isa = PBXResourcesBuildPhase;
			buildActionMask = 2147483647;
			files = (
				9A2636222076BE8800D6BFEC /* LaunchScreen.storyboard in Resources */,
				9A26361F2076BE8800D6BFEC /* Assets.xcassets in Resources */,
				9A26361A2076BE8700D6BFEC /* Main.storyboard in Resources */,
			);
			runOnlyForDeploymentPostprocessing = 0;
		};
/* End PBXResourcesBuildPhase section */

/* Begin PBXSourcesBuildPhase section */
		9A26360D2076BE8700D6BFEC /* Sources */ = {
			isa = PBXSourcesBuildPhase;
			buildActionMask = 2147483647;
			files = (
				9A26361D2076BE8700D6BFEC /* Fotoroid.xcdatamodeld in Sources */,
				9A2636172076BE8700D6BFEC /* ViewController.swift in Sources */,
				9A2636152076BE8700D6BFEC /* AppDelegate.swift in Sources */,
			);
			runOnlyForDeploymentPostprocessing = 0;
		};
/* End PBXSourcesBuildPhase section */

/* Begin PBXVariantGroup section */
		9A2636182076BE8700D6BFEC /* Main.storyboard */ = {
			isa = PBXVariantGroup;
			children = (
				9A2636192076BE8700D6BFEC /* Base */,
			);
			name = Main.storyboard;
			sourceTree = "<group>";
		};
		9A2636202076BE8800D6BFEC /* LaunchScreen.storyboard */ = {
			isa = PBXVariantGroup;
			children = (
				9A2636212076BE8800D6BFEC /* Base */,
			);
			name = LaunchScreen.storyboard;
			sourceTree = "<group>";
		};
/* End PBXVariantGroup section */

/* Begin XCBuildConfiguration section */
		9A2636242076BE8800D6BFEC /* Debug */ = {
			isa = XCBuildConfiguration;
			buildSettings = {
				ALWAYS_SEARCH_USER_PATHS = NO;
				CLANG_ANALYZER_NONNULL = YES;
				CLANG_ANALYZER_NUMBER_OBJECT_CONVERSION = YES_AGGRESSIVE;
				CLANG_CXX_LANGUAGE_STANDARD = "gnu++14";
				CLANG_CXX_LIBRARY = "libc++";
				CLANG_ENABLE_MODULES = YES;
				CLANG_ENABLE_OBJC_ARC = YES;
				CLANG_ENABLE_OBJC_WEAK = YES;
				CLANG_WARN_BLOCK_CAPTURE_AUTORELEASING = YES;
				CLANG_WARN_BOOL_CONVERSION = YES;
				CLANG_WARN_COMMA = YES;
				CLANG_WARN_CONSTANT_CONVERSION = YES;
				CLANG_WARN_DEPRECATED_OBJC_IMPLEMENTATIONS = YES;
				CLANG_WARN_DIRECT_OBJC_ISA_USAGE = YES_ERROR;
				CLANG_WARN_DOCUMENTATION_COMMENTS = YES;
				CLANG_WARN_EMPTY_BODY = YES;
				CLANG_WARN_ENUM_CONVERSION = YES;
				CLANG_WARN_INFINITE_RECURSION = YES;
				CLANG_WARN_INT_CONVERSION = YES;
				CLANG_WARN_NON_LITERAL_NULL_CONVERSION = YES;
				CLANG_WARN_OBJC_IMPLICIT_RETAIN_SELF = YES;
				CLANG_WARN_OBJC_LITERAL_CONVERSION = YES;
				CLANG_WARN_OBJC_ROOT_CLASS = YES_ERROR;
				CLANG_WARN_RANGE_LOOP_ANALYSIS = YES;
				CLANG_WARN_STRICT_PROTOTYPES = YES;
				CLANG_WARN_SUSPICIOUS_MOVE = YES;
				CLANG_WARN_UNGUARDED_AVAILABILITY = YES_AGGRESSIVE;
				CLANG_WARN_UNREACHABLE_CODE = YES;
				CLANG_WARN__DUPLICATE_METHOD_MATCH = YES;
				CODE_SIGN_IDENTITY = "iPhone Developer";
				COPY_PHASE_STRIP = NO;
				DEBUG_INFORMATION_FORMAT = dwarf;
				ENABLE_STRICT_OBJC_MSGSEND = YES;
				ENABLE_TESTABILITY = YES;
				GCC_C_LANGUAGE_STANDARD = gnu11;
				GCC_DYNAMIC_NO_PIC = NO;
				GCC_NO_COMMON_BLOCKS = YES;
				GCC_OPTIMIZATION_LEVEL = 0;
				GCC_PREPROCESSOR_DEFINITIONS = (
					"DEBUG=1",
					"$(inherited)",
				);
				GCC_WARN_64_TO_32_BIT_CONVERSION = YES;
				GCC_WARN_ABOUT_RETURN_TYPE = YES_ERROR;
				GCC_WARN_UNDECLARED_SELECTOR = YES;
				GCC_WARN_UNINITIALIZED_AUTOS = YES_AGGRESSIVE;
				GCC_WARN_UNUSED_FUNCTION = YES;
				GCC_WARN_UNUSED_VARIABLE = YES;
				IPHONEOS_DEPLOYMENT_TARGET = 11.3;
				MTL_ENABLE_DEBUG_INFO = YES;
				ONLY_ACTIVE_ARCH = YES;
				SDKROOT = iphoneos;
				SWIFT_ACTIVE_COMPILATION_CONDITIONS = DEBUG;
				SWIFT_OPTIMIZATION_LEVEL = "-Onone";
			};
			name = Debug;
		};
		9A2636252076BE8800D6BFEC /* Release */ = {
			isa = XCBuildConfiguration;
			buildSettings = {
				ALWAYS_SEARCH_USER_PATHS = NO;
				CLANG_ANALYZER_NONNULL = YES;
				CLANG_ANALYZER_NUMBER_OBJECT_CONVERSION = YES_AGGRESSIVE;
				CLANG_CXX_LANGUAGE_STANDARD = "gnu++14";
				CLANG_CXX_LIBRARY = "libc++";
				CLANG_ENABLE_MODULES = YES;
				CLANG_ENABLE_OBJC_ARC = YES;
				CLANG_ENABLE_OBJC_WEAK = YES;
				CLANG_WARN_BLOCK_CAPTURE_AUTORELEASING = YES;
				CLANG_WARN_BOOL_CONVERSION = YES;
				CLANG_WARN_COMMA = YES;
				CLANG_WARN_CONSTANT_CONVERSION = YES;
				CLANG_WARN_DEPRECATED_OBJC_IMPLEMENTATIONS = YES;
				CLANG_WARN_DIRECT_OBJC_ISA_USAGE = YES_ERROR;
				CLANG_WARN_DOCUMENTATION_COMMENTS = YES;
				CLANG_WARN_EMPTY_BODY = YES;
				CLANG_WARN_ENUM_CONVERSION = YES;
				CLANG_WARN_INFINITE_RECURSION = YES;
				CLANG_WARN_INT_CONVERSION = YES;
				CLANG_WARN_NON_LITERAL_NULL_CONVERSION = YES;
				CLANG_WARN_OBJC_IMPLICIT_RETAIN_SELF = YES;
				CLANG_WARN_OBJC_LITERAL_CONVERSION = YES;
				CLANG_WARN_OBJC_ROOT_CLASS = YES_ERROR;
				CLANG_WARN_RANGE_LOOP_ANALYSIS = YES;
				CLANG_WARN_STRICT_PROTOTYPES = YES;
				CLANG_WARN_SUSPICIOUS_MOVE = YES;
				CLANG_WARN_UNGUARDED_AVAILABILITY = YES_AGGRESSIVE;
				CLANG_WARN_UNREACHABLE_CODE = YES;
				CLANG_WARN__DUPLICATE_METHOD_MATCH = YES;
				CODE_SIGN_IDENTITY = "iPhone Developer";
				COPY_PHASE_STRIP = NO;
				DEBUG_INFORMATION_FORMAT = "dwarf-with-dsym";
				ENABLE_NS_ASSERTIONS = NO;
				ENABLE_STRICT_OBJC_MSGSEND = YES;
				GCC_C_LANGUAGE_STANDARD = gnu11;
				GCC_NO_COMMON_BLOCKS = YES;
				GCC_WARN_64_TO_32_BIT_CONVERSION = YES;
				GCC_WARN_ABOUT_RETURN_TYPE = YES_ERROR;
				GCC_WARN_UNDECLARED_SELECTOR = YES;
				GCC_WARN_UNINITIALIZED_AUTOS = YES_AGGRESSIVE;
				GCC_WARN_UNUSED_FUNCTION = YES;
				GCC_WARN_UNUSED_VARIABLE = YES;
				IPHONEOS_DEPLOYMENT_TARGET = 11.3;
				MTL_ENABLE_DEBUG_INFO = NO;
				SDKROOT = iphoneos;
				SWIFT_COMPILATION_MODE = wholemodule;
				SWIFT_OPTIMIZATION_LEVEL = "-O";
				VALIDATE_PRODUCT = YES;
			};
			name = Release;
		};
		9A2636272076BE8800D6BFEC /* Debug */ = {
			isa = XCBuildConfiguration;
			buildSettings = {
				ASSETCATALOG_COMPILER_APPICON_NAME = AppIcon;
				CODE_SIGN_STYLE = Automatic;
				DEVELOPMENT_TEAM = EEM45V725Q;
				INFOPLIST_FILE = Fotoroid/Info.plist;
				LD_RUNPATH_SEARCH_PATHS = (
					"$(inherited)",
					"@executable_path/Frameworks",
				);
				PRODUCT_BUNDLE_IDENTIFIER = com.fulvioresendes.Fotoroid;
				PRODUCT_NAME = "$(TARGET_NAME)";
				SWIFT_VERSION = 4.0;
				TARGETED_DEVICE_FAMILY = "1,2";
			};
			name = Debug;
		};
		9A2636282076BE8800D6BFEC /* Release */ = {
			isa = XCBuildConfiguration;
			buildSettings = {
				ASSETCATALOG_COMPILER_APPICON_NAME = AppIcon;
				CODE_SIGN_STYLE = Automatic;
				DEVELOPMENT_TEAM = EEM45V725Q;
				INFOPLIST_FILE = Fotoroid/Info.plist;
				LD_RUNPATH_SEARCH_PATHS = (
					"$(inherited)",
					"@executable_path/Frameworks",
				);
				PRODUCT_BUNDLE_IDENTIFIER = com.fulvioresendes.Fotoroid;
				PRODUCT_NAME = "$(TARGET_NAME)";
				SWIFT_VERSION = 4.0;
				TARGETED_DEVICE_FAMILY = "1,2";
			};
			name = Release;
		};
/* End XCBuildConfiguration section */

/* Begin XCConfigurationList section */
		9A26360C2076BE8700D6BFEC /* Build configuration list for PBXProject "Fotoroid" */ = {
			isa = XCConfigurationList;
			buildConfigurations = (
				9A2636242076BE8800D6BFEC /* Debug */,
				9A2636252076BE8800D6BFEC /* Release */,
			);
			defaultConfigurationIsVisible = 0;
			defaultConfigurationName = Release;
		};
		9A2636262076BE8800D6BFEC /* Build configuration list for PBXNativeTarget "Fotoroid" */ = {
			isa = XCConfigurationList;
			buildConfigurations = (
				9A2636272076BE8800D6BFEC /* Debug */,
				9A2636282076BE8800D6BFEC /* Release */,
			);
			defaultConfigurationIsVisible = 0;
			defaultConfigurationName = Release;
		};
/* End XCConfigurationList section */

/* Begin XCVersionGroup section */
		9A26361B2076BE8700D6BFEC /* Fotoroid.xcdatamodeld */ = {
			isa = XCVersionGroup;
			children = (
				9A26361C2076BE8700D6BFEC /* Fotoroid.xcdatamodel */,
			);
			currentVersion = 9A26361C2076BE8700D6BFEC /* Fotoroid.xcdatamodel */;
			path = Fotoroid.xcdatamodeld;
			sourceTree = "<group>";
			versionGroupType = wrapper.xcdatamodel;
		};
/* End XCVersionGroup section */
	};
	rootObject = 9A2636092076BE8700D6BFEC /* Project object */;
}
